// !$*UTF8*$!
{
	archiveVersion = 1;
	classes = {
	};
	objectVersion = 45;
	objects = {

/* Begin PBXBuildFile section */
		1D3623260D0F684500981E51 /* MobileLastFMApplicationDelegate.m in Sources */ = {isa = PBXBuildFile; fileRef = 1D3623250D0F684500981E51 /* MobileLastFMApplicationDelegate.m */; };
		1D3623EC0D0F72F000981E51 /* CoreGraphics.framework in Frameworks */ = {isa = PBXBuildFile; fileRef = 1D3623EB0D0F72F000981E51 /* CoreGraphics.framework */; };
		1D60589B0D05DD56006BFB54 /* main.m in Sources */ = {isa = PBXBuildFile; fileRef = 29B97316FDCFA39411CA2CEA /* main.m */; };
		1D60589F0D05DD5A006BFB54 /* Foundation.framework in Frameworks */ = {isa = PBXBuildFile; fileRef = 1D30AB110D05D00D00671497 /* Foundation.framework */; };
		1DF5F4E00D08C38300B7A737 /* UIKit.framework in Frameworks */ = {isa = PBXBuildFile; fileRef = 1DF5F4DF0D08C38300B7A737 /* UIKit.framework */; };
		220CEBD30DCCB420007F888D /* UITableViewCell+ProgressIndicator.m in Sources */ = {isa = PBXBuildFile; fileRef = 220CEBD20DCCB420007F888D /* UITableViewCell+ProgressIndicator.m */; };
		22117E400E153AC50093BFED /* now_playing_header.png in Resources */ = {isa = PBXBuildFile; fileRef = 22117E3D0E153AC50093BFED /* now_playing_header.png */; };
		22117E410E153AC50093BFED /* streaming.png in Resources */ = {isa = PBXBuildFile; fileRef = 22117E3E0E153AC50093BFED /* streaming.png */; };
		22117E420E153AC50093BFED /* now_playing_list.png in Resources */ = {isa = PBXBuildFile; fileRef = 22117E3F0E153AC50093BFED /* now_playing_list.png */; };
		22117E870E1544F50093BFED /* SearchView.xib in Resources */ = {isa = PBXBuildFile; fileRef = 22117E860E1544F50093BFED /* SearchView.xib */; };
		22117E890E1545050093BFED /* PlaybackView.xib in Resources */ = {isa = PBXBuildFile; fileRef = 22117E880E1545050093BFED /* PlaybackView.xib */; };
		22117E8B0E1545110093BFED /* FirstRunView.xib in Resources */ = {isa = PBXBuildFile; fileRef = 22117E8A0E1545110093BFED /* FirstRunView.xib */; };
		22117FA60E1565730093BFED /* events.png in Resources */ = {isa = PBXBuildFile; fileRef = 22117F9F0E1565730093BFED /* events.png */; };
		22117FA70E1565730093BFED /* fans.png in Resources */ = {isa = PBXBuildFile; fileRef = 22117FA00E1565730093BFED /* fans.png */; };
		22117FA80E1565730093BFED /* bio.png in Resources */ = {isa = PBXBuildFile; fileRef = 22117FA10E1565730093BFED /* bio.png */; };
		22117FA90E1565730093BFED /* tags.png in Resources */ = {isa = PBXBuildFile; fileRef = 22117FA20E1565730093BFED /* tags.png */; };
		22117FAA0E1565730093BFED /* nowplaying.png in Resources */ = {isa = PBXBuildFile; fileRef = 22117FA30E1565730093BFED /* nowplaying.png */; };
		22117FAB0E1565730093BFED /* similar_artists.png in Resources */ = {isa = PBXBuildFile; fileRef = 22117FA40E1565730093BFED /* similar_artists.png */; };
		22117FAC0E1565730093BFED /* more.png in Resources */ = {isa = PBXBuildFile; fileRef = 22117FA50E1565730093BFED /* more.png */; };
		221185DC0E1676620093BFED /* date.png in Resources */ = {isa = PBXBuildFile; fileRef = 221185DB0E1676620093BFED /* date.png */; };
		221185DE0E167A090093BFED /* EventDetailsView.xib in Resources */ = {isa = PBXBuildFile; fileRef = 221185DD0E167A090093BFED /* EventDetailsView.xib */; };
		2213D1B40D9F113100914A50 /* FriendsViewController.m in Sources */ = {isa = PBXBuildFile; fileRef = 2213D1B30D9F113100914A50 /* FriendsViewController.m */; };
		2219DEC50E2CF70C009EE6E4 /* PlaylistsViewController.m in Sources */ = {isa = PBXBuildFile; fileRef = 2219DEC30E2CF70C009EE6E4 /* PlaylistsViewController.m */; };
		221E6B040DC2BD300006E74C /* Scrobbler.m in Sources */ = {isa = PBXBuildFile; fileRef = 221E6B030DC2BD300006E74C /* Scrobbler.m */; };
		22233F660D8D86410040486A /* ProfileViewController.m in Sources */ = {isa = PBXBuildFile; fileRef = 22233F650D8D86410040486A /* ProfileViewController.m */; };
		222340CC0D8DA75D0040486A /* FMDatabase.m in Sources */ = {isa = PBXBuildFile; fileRef = 222340C70D8DA75D0040486A /* FMDatabase.m */; };
		222340CD0D8DA75D0040486A /* FMDatabaseAdditions.m in Sources */ = {isa = PBXBuildFile; fileRef = 222340C90D8DA75D0040486A /* FMDatabaseAdditions.m */; };
		222340CE0D8DA75D0040486A /* FMResultSet.m in Sources */ = {isa = PBXBuildFile; fileRef = 222340CB0D8DA75D0040486A /* FMResultSet.m */; };
		222340DB0D8DAB140040486A /* AudioToolbox.framework in Frameworks */ = {isa = PBXBuildFile; fileRef = 222340DA0D8DAB140040486A /* AudioToolbox.framework */; };
		2223428A0D8DE8FC0040486A /* PlaybackViewController.m in Sources */ = {isa = PBXBuildFile; fileRef = 222342890D8DE8FC0040486A /* PlaybackViewController.m */; };
		223128F70DFF1ECB00EC3BF0 /* MainWindow.xib in Resources */ = {isa = PBXBuildFile; fileRef = 223128F60DFF1ECB00EC3BF0 /* MainWindow.xib */; };
		223129330DFF21A500EC3BF0 /* FirstRunViewController.m in Sources */ = {isa = PBXBuildFile; fileRef = 223129320DFF21A500EC3BF0 /* FirstRunViewController.m */; };
		22362B9B0E13E4600034F91A /* btn.png in Resources */ = {isa = PBXBuildFile; fileRef = 22362B9A0E13E4600034F91A /* btn.png */; };
		223DFE7D0DBFFAFF00510722 /* SystemConfiguration.framework in Frameworks */ = {isa = PBXBuildFile; fileRef = 223DFE7C0DBFFAFF00510722 /* SystemConfiguration.framework */; };
		223E7A840E0C21D300AD02B3 /* volume.png in Resources */ = {isa = PBXBuildFile; fileRef = 223E7A830E0C21D300AD02B3 /* volume.png */; };
		225157980E09A67B00943078 /* backBtn.png in Resources */ = {isa = PBXBuildFile; fileRef = 225157970E09A67B00943078 /* backBtn.png */; };
		2259349E0DA85CD30035A1AA /* LastFMService.m in Sources */ = {isa = PBXBuildFile; fileRef = 2259349A0DA85CD30035A1AA /* LastFMService.m */; };
		2259349F0DA85CD30035A1AA /* LastFMRadio.m in Sources */ = {isa = PBXBuildFile; fileRef = 2259349C0DA85CD30035A1AA /* LastFMRadio.m */; };
		225934DE0DA85DA60035A1AA /* icon.png in Resources */ = {isa = PBXBuildFile; fileRef = 225934CC0DA85DA60035A1AA /* icon.png */; };
		225934DF0DA85DA60035A1AA /* English.lproj in Resources */ = {isa = PBXBuildFile; fileRef = 225934CD0DA85DA60035A1AA /* English.lproj */; };
		225934E50DA85DA60035A1AA /* Settings.bundle in Resources */ = {isa = PBXBuildFile; fileRef = 225934D50DA85DA60035A1AA /* Settings.bundle */; };
		225934E70DA85DA60035A1AA /* skip.png in Resources */ = {isa = PBXBuildFile; fileRef = 225934D70DA85DA60035A1AA /* skip.png */; };
		225934EA0DA85DA60035A1AA /* ban.png in Resources */ = {isa = PBXBuildFile; fileRef = 225934DA0DA85DA60035A1AA /* ban.png */; };
		225934EB0DA85DA60035A1AA /* love.png in Resources */ = {isa = PBXBuildFile; fileRef = 225934DB0DA85DA60035A1AA /* love.png */; };
		225ECD440DFF882600323F42 /* MediaPlayer.framework in Frameworks */ = {isa = PBXBuildFile; fileRef = 225ECD430DFF882600323F42 /* MediaPlayer.framework */; };
		227F6F440DB26F4900C11B22 /* ArtworkCell.m in Sources */ = {isa = PBXBuildFile; fileRef = 227F6F430DB26F4900C11B22 /* ArtworkCell.m */; };
		228185EB0E19579F00545210 /* UIApplication+openURLWithWarning.m in Sources */ = {isa = PBXBuildFile; fileRef = 228185EA0E19579F00545210 /* UIApplication+openURLWithWarning.m */; };
		229130CE0E1C153F007F5E63 /* blueBackBtn.png in Resources */ = {isa = PBXBuildFile; fileRef = 229130CD0E1C153F007F5E63 /* blueBackBtn.png */; };
		2291317F0E1C2441007F5E63 /* Default.png in Resources */ = {isa = PBXBuildFile; fileRef = 2291317E0E1C2441007F5E63 /* Default.png */; };
		22ABB3030DAE68FC00D2871E /* ChartsViewController.m in Sources */ = {isa = PBXBuildFile; fileRef = 22ABB3020DAE68FC00D2871E /* ChartsViewController.m */; };
		22ABB41E0DB10C3100D2871E /* SearchViewController.m in Sources */ = {isa = PBXBuildFile; fileRef = 22ABB41D0DB10C3100D2871E /* SearchViewController.m */; };
		22ABB55B0DB1585000D2871E /* UIViewController+NowPlayingButton.m in Sources */ = {isa = PBXBuildFile; fileRef = 22ABB55A0DB1585000D2871E /* UIViewController+NowPlayingButton.m */; };
		22BA0DDF0DC3731100DBE5BD /* stop.png in Resources */ = {isa = PBXBuildFile; fileRef = 22BA0DDE0DC3731100DBE5BD /* stop.png */; };
		22C54F750DEEF9A30087322B /* TagRadioViewController.m in Sources */ = {isa = PBXBuildFile; fileRef = 22C54F740DEEF9A30087322B /* TagRadioViewController.m */; };
		22CBDFAF0DCE0AA300AE5DE0 /* AddressBookUI.framework in Frameworks */ = {isa = PBXBuildFile; fileRef = 22CBDFAE0DCE0AA300AE5DE0 /* AddressBookUI.framework */; };
		22CBDFBE0DCE0BCE00AE5DE0 /* AddressBook.framework in Frameworks */ = {isa = PBXBuildFile; fileRef = 22CBDFBD0DCE0BCE00AE5DE0 /* AddressBook.framework */; };
		22CBE1360DCE3C9B00AE5DE0 /* NSString+MD5.m in Sources */ = {isa = PBXBuildFile; fileRef = 22CBE1350DCE3C9B00AE5DE0 /* NSString+MD5.m */; };
		22CBE1BE0DCE441200AE5DE0 /* CXMLDocument.m in Sources */ = {isa = PBXBuildFile; fileRef = 22CBE1B30DCE441200AE5DE0 /* CXMLDocument.m */; };
		22CBE1BF0DCE441200AE5DE0 /* CXMLDocument_PrivateExtensions.m in Sources */ = {isa = PBXBuildFile; fileRef = 22CBE1B50DCE441200AE5DE0 /* CXMLDocument_PrivateExtensions.m */; };
		22CBE1C00DCE441200AE5DE0 /* CXMLElement.m in Sources */ = {isa = PBXBuildFile; fileRef = 22CBE1B70DCE441200AE5DE0 /* CXMLElement.m */; };
		22CBE1C10DCE441200AE5DE0 /* CXMLNode.m in Sources */ = {isa = PBXBuildFile; fileRef = 22CBE1B90DCE441200AE5DE0 /* CXMLNode.m */; };
		22CBE1C20DCE441200AE5DE0 /* CXMLNode_PrivateExtensions.m in Sources */ = {isa = PBXBuildFile; fileRef = 22CBE1BB0DCE441200AE5DE0 /* CXMLNode_PrivateExtensions.m */; };
		22CBE1C30DCE441200AE5DE0 /* CXMLNode_XPathExtensions.m in Sources */ = {isa = PBXBuildFile; fileRef = 22CBE1BD0DCE441200AE5DE0 /* CXMLNode_XPathExtensions.m */; };
		22EE86290E22587F00EBFF65 /* avatarplaceholder.png in Resources */ = {isa = PBXBuildFile; fileRef = 22EE86280E22587F00EBFF65 /* avatarplaceholder.png */; };
		22F2FE050E31045B000DDCDC /* noartplaceholder.png in Resources */ = {isa = PBXBuildFile; fileRef = 22F2FE040E31045A000DDCDC /* noartplaceholder.png */; };
		22F2FE0B0E31046D000DDCDC /* rounded_table_cell_bottom.png in Resources */ = {isa = PBXBuildFile; fileRef = 22F2FE060E31046D000DDCDC /* rounded_table_cell_bottom.png */; };
		22F2FE0C0E31046D000DDCDC /* red_button.png in Resources */ = {isa = PBXBuildFile; fileRef = 22F2FE070E31046D000DDCDC /* red_button.png */; };
		22F2FE0D0E31046D000DDCDC /* rounded_table_cell_top.png in Resources */ = {isa = PBXBuildFile; fileRef = 22F2FE080E31046D000DDCDC /* rounded_table_cell_top.png */; };
		22F2FE0E0E31046D000DDCDC /* white_lfm_logo.png in Resources */ = {isa = PBXBuildFile; fileRef = 22F2FE090E31046D000DDCDC /* white_lfm_logo.png */; };
		22F2FE0F0E31046D000DDCDC /* transparent_grey_button.png in Resources */ = {isa = PBXBuildFile; fileRef = 22F2FE0A0E31046D000DDCDC /* transparent_grey_button.png */; };
		22F452FD0DD50EBD0060DF02 /* NSString+URLEscaped.m in Sources */ = {isa = PBXBuildFile; fileRef = 22F452FC0DD50EBD0060DF02 /* NSString+URLEscaped.m */; };
/* End PBXBuildFile section */

/* Begin PBXCopyFilesBuildPhase section */
		22A8638F0DA5AEA0009EB12C /* CopyFiles */ = {
			isa = PBXCopyFilesBuildPhase;
			buildActionMask = 2147483647;
			dstPath = "";
			dstSubfolderSpec = 1;
			files = (
			);
			runOnlyForDeploymentPostprocessing = 0;
		};
/* End PBXCopyFilesBuildPhase section */

/* Begin PBXFileReference section */
		1D30AB110D05D00D00671497 /* Foundation.framework */ = {isa = PBXFileReference; lastKnownFileType = wrapper.framework; name = Foundation.framework; path = System/Library/Frameworks/Foundation.framework; sourceTree = SDKROOT; };
		1D3623240D0F684500981E51 /* MobileLastFMApplicationDelegate.h */ = {isa = PBXFileReference; fileEncoding = 4; lastKnownFileType = sourcecode.c.h; path = MobileLastFMApplicationDelegate.h; sourceTree = "<group>"; };
		1D3623250D0F684500981E51 /* MobileLastFMApplicationDelegate.m */ = {isa = PBXFileReference; fileEncoding = 4; lastKnownFileType = sourcecode.c.objc; path = MobileLastFMApplicationDelegate.m; sourceTree = "<group>"; };
		1D3623EB0D0F72F000981E51 /* CoreGraphics.framework */ = {isa = PBXFileReference; lastKnownFileType = wrapper.framework; name = CoreGraphics.framework; path = System/Library/Frameworks/CoreGraphics.framework; sourceTree = SDKROOT; };
		1D6058910D05DD3D006BFB54 /* Last.fm.app */ = {isa = PBXFileReference; explicitFileType = wrapper.application; includeInIndex = 0; path = Last.fm.app; sourceTree = BUILT_PRODUCTS_DIR; };
		1DF5F4DF0D08C38300B7A737 /* UIKit.framework */ = {isa = PBXFileReference; lastKnownFileType = wrapper.framework; name = UIKit.framework; path = System/Library/Frameworks/UIKit.framework; sourceTree = SDKROOT; };
		220CEBD10DCCB420007F888D /* UITableViewCell+ProgressIndicator.h */ = {isa = PBXFileReference; fileEncoding = 4; lastKnownFileType = sourcecode.c.h; path = "UITableViewCell+ProgressIndicator.h"; sourceTree = "<group>"; };
		220CEBD20DCCB420007F888D /* UITableViewCell+ProgressIndicator.m */ = {isa = PBXFileReference; fileEncoding = 4; lastKnownFileType = sourcecode.c.objc; path = "UITableViewCell+ProgressIndicator.m"; sourceTree = "<group>"; };
		22117E3D0E153AC50093BFED /* now_playing_header.png */ = {isa = PBXFileReference; lastKnownFileType = image.png; path = now_playing_header.png; sourceTree = "<group>"; };
		22117E3E0E153AC50093BFED /* streaming.png */ = {isa = PBXFileReference; lastKnownFileType = image.png; path = streaming.png; sourceTree = "<group>"; };
		22117E3F0E153AC50093BFED /* now_playing_list.png */ = {isa = PBXFileReference; lastKnownFileType = image.png; path = now_playing_list.png; sourceTree = "<group>"; };
		22117E860E1544F50093BFED /* SearchView.xib */ = {isa = PBXFileReference; lastKnownFileType = file.xib; path = SearchView.xib; sourceTree = "<group>"; };
		22117E880E1545050093BFED /* PlaybackView.xib */ = {isa = PBXFileReference; lastKnownFileType = file.xib; path = PlaybackView.xib; sourceTree = "<group>"; };
		22117E8A0E1545110093BFED /* FirstRunView.xib */ = {isa = PBXFileReference; lastKnownFileType = file.xib; path = FirstRunView.xib; sourceTree = "<group>"; };
		22117F9F0E1565730093BFED /* events.png */ = {isa = PBXFileReference; lastKnownFileType = image.png; path = events.png; sourceTree = "<group>"; };
		22117FA00E1565730093BFED /* fans.png */ = {isa = PBXFileReference; lastKnownFileType = image.png; path = fans.png; sourceTree = "<group>"; };
		22117FA10E1565730093BFED /* bio.png */ = {isa = PBXFileReference; lastKnownFileType = image.png; path = bio.png; sourceTree = "<group>"; };
		22117FA20E1565730093BFED /* tags.png */ = {isa = PBXFileReference; lastKnownFileType = image.png; path = tags.png; sourceTree = "<group>"; };
		22117FA30E1565730093BFED /* nowplaying.png */ = {isa = PBXFileReference; lastKnownFileType = image.png; path = nowplaying.png; sourceTree = "<group>"; };
		22117FA40E1565730093BFED /* similar_artists.png */ = {isa = PBXFileReference; lastKnownFileType = image.png; path = similar_artists.png; sourceTree = "<group>"; };
		22117FA50E1565730093BFED /* more.png */ = {isa = PBXFileReference; lastKnownFileType = image.png; path = more.png; sourceTree = "<group>"; };
		221185DB0E1676620093BFED /* date.png */ = {isa = PBXFileReference; lastKnownFileType = image.png; path = date.png; sourceTree = "<group>"; };
		221185DD0E167A090093BFED /* EventDetailsView.xib */ = {isa = PBXFileReference; lastKnownFileType = file.xib; path = EventDetailsView.xib; sourceTree = "<group>"; };
		2213D1B20D9F113100914A50 /* FriendsViewController.h */ = {isa = PBXFileReference; fileEncoding = 4; lastKnownFileType = sourcecode.c.h; path = FriendsViewController.h; sourceTree = "<group>"; };
		2213D1B30D9F113100914A50 /* FriendsViewController.m */ = {isa = PBXFileReference; fileEncoding = 4; lastKnownFileType = sourcecode.c.objc; path = FriendsViewController.m; sourceTree = "<group>"; };
		2219DEC30E2CF70C009EE6E4 /* PlaylistsViewController.m */ = {isa = PBXFileReference; fileEncoding = 4; lastKnownFileType = sourcecode.c.objc; path = PlaylistsViewController.m; sourceTree = "<group>"; };
		2219DEC40E2CF70C009EE6E4 /* PlaylistsViewController.h */ = {isa = PBXFileReference; fileEncoding = 4; lastKnownFileType = sourcecode.c.h; path = PlaylistsViewController.h; sourceTree = "<group>"; };
		221E6B020DC2BD300006E74C /* Scrobbler.h */ = {isa = PBXFileReference; fileEncoding = 4; lastKnownFileType = sourcecode.c.h; path = Scrobbler.h; sourceTree = "<group>"; };
		221E6B030DC2BD300006E74C /* Scrobbler.m */ = {isa = PBXFileReference; fileEncoding = 4; lastKnownFileType = sourcecode.c.objc; path = Scrobbler.m; sourceTree = "<group>"; };
		22233F640D8D86410040486A /* ProfileViewController.h */ = {isa = PBXFileReference; fileEncoding = 4; lastKnownFileType = sourcecode.c.h; path = ProfileViewController.h; sourceTree = "<group>"; };
		22233F650D8D86410040486A /* ProfileViewController.m */ = {isa = PBXFileReference; fileEncoding = 4; lastKnownFileType = sourcecode.c.objc; path = ProfileViewController.m; sourceTree = "<group>"; };
		22233F920D8D929B0040486A /* version.h */ = {isa = PBXFileReference; fileEncoding = 4; lastKnownFileType = sourcecode.c.h; path = version.h; sourceTree = "<group>"; };
		222340C60D8DA75D0040486A /* FMDatabase.h */ = {isa = PBXFileReference; fileEncoding = 4; lastKnownFileType = sourcecode.c.h; path = FMDatabase.h; sourceTree = "<group>"; };
		222340C70D8DA75D0040486A /* FMDatabase.m */ = {isa = PBXFileReference; fileEncoding = 4; lastKnownFileType = sourcecode.c.objc; path = FMDatabase.m; sourceTree = "<group>"; };
		222340C80D8DA75D0040486A /* FMDatabaseAdditions.h */ = {isa = PBXFileReference; fileEncoding = 4; lastKnownFileType = sourcecode.c.h; path = FMDatabaseAdditions.h; sourceTree = "<group>"; };
		222340C90D8DA75D0040486A /* FMDatabaseAdditions.m */ = {isa = PBXFileReference; fileEncoding = 4; lastKnownFileType = sourcecode.c.objc; path = FMDatabaseAdditions.m; sourceTree = "<group>"; };
		222340CA0D8DA75D0040486A /* FMResultSet.h */ = {isa = PBXFileReference; fileEncoding = 4; lastKnownFileType = sourcecode.c.h; path = FMResultSet.h; sourceTree = "<group>"; };
		222340CB0D8DA75D0040486A /* FMResultSet.m */ = {isa = PBXFileReference; fileEncoding = 4; lastKnownFileType = sourcecode.c.objc; path = FMResultSet.m; sourceTree = "<group>"; };
		222340DA0D8DAB140040486A /* AudioToolbox.framework */ = {isa = PBXFileReference; lastKnownFileType = wrapper.framework; name = AudioToolbox.framework; path = /System/Library/Frameworks/AudioToolbox.framework; sourceTree = "<absolute>"; };
		222342880D8DE8FC0040486A /* PlaybackViewController.h */ = {isa = PBXFileReference; fileEncoding = 4; lastKnownFileType = sourcecode.c.h; path = PlaybackViewController.h; sourceTree = "<group>"; };
		222342890D8DE8FC0040486A /* PlaybackViewController.m */ = {isa = PBXFileReference; fileEncoding = 4; lastKnownFileType = sourcecode.c.objc; path = PlaybackViewController.m; sourceTree = "<group>"; };
		223128F60DFF1ECB00EC3BF0 /* MainWindow.xib */ = {isa = PBXFileReference; lastKnownFileType = file.xib; path = MainWindow.xib; sourceTree = "<group>"; };
		223129310DFF21A500EC3BF0 /* FirstRunViewController.h */ = {isa = PBXFileReference; fileEncoding = 4; lastKnownFileType = sourcecode.c.h; path = FirstRunViewController.h; sourceTree = "<group>"; };
		223129320DFF21A500EC3BF0 /* FirstRunViewController.m */ = {isa = PBXFileReference; fileEncoding = 4; lastKnownFileType = sourcecode.c.objc; path = FirstRunViewController.m; sourceTree = "<group>"; };
		22362B9A0E13E4600034F91A /* btn.png */ = {isa = PBXFileReference; lastKnownFileType = image.png; path = btn.png; sourceTree = "<group>"; };
		223DFE7C0DBFFAFF00510722 /* SystemConfiguration.framework */ = {isa = PBXFileReference; lastKnownFileType = wrapper.framework; name = SystemConfiguration.framework; path = /System/Library/Frameworks/SystemConfiguration.framework; sourceTree = "<absolute>"; };
		223E7A830E0C21D300AD02B3 /* volume.png */ = {isa = PBXFileReference; lastKnownFileType = image.png; path = volume.png; sourceTree = "<group>"; };
		225157970E09A67B00943078 /* backBtn.png */ = {isa = PBXFileReference; lastKnownFileType = image.png; path = backBtn.png; sourceTree = "<group>"; };
		2259349A0DA85CD30035A1AA /* LastFMService.m */ = {isa = PBXFileReference; fileEncoding = 4; lastKnownFileType = sourcecode.c.objc; path = LastFMService.m; sourceTree = "<group>"; };
		2259349B0DA85CD30035A1AA /* LastFMService.h */ = {isa = PBXFileReference; fileEncoding = 4; lastKnownFileType = sourcecode.c.h; path = LastFMService.h; sourceTree = "<group>"; };
		2259349C0DA85CD30035A1AA /* LastFMRadio.m */ = {isa = PBXFileReference; fileEncoding = 4; lastKnownFileType = sourcecode.c.objc; path = LastFMRadio.m; sourceTree = "<group>"; };
		2259349D0DA85CD30035A1AA /* LastFMRadio.h */ = {isa = PBXFileReference; fileEncoding = 4; lastKnownFileType = sourcecode.c.h; path = LastFMRadio.h; sourceTree = "<group>"; };
		225934CC0DA85DA60035A1AA /* icon.png */ = {isa = PBXFileReference; lastKnownFileType = image.png; path = icon.png; sourceTree = "<group>"; };
		225934CD0DA85DA60035A1AA /* English.lproj */ = {isa = PBXFileReference; lastKnownFileType = folder; path = English.lproj; sourceTree = "<group>"; };
		225934D50DA85DA60035A1AA /* Settings.bundle */ = {isa = PBXFileReference; lastKnownFileType = "wrapper.plug-in"; path = Settings.bundle; sourceTree = "<group>"; };
		225934D70DA85DA60035A1AA /* skip.png */ = {isa = PBXFileReference; lastKnownFileType = image.png; path = skip.png; sourceTree = "<group>"; };
		225934DA0DA85DA60035A1AA /* ban.png */ = {isa = PBXFileReference; lastKnownFileType = image.png; path = ban.png; sourceTree = "<group>"; };
		225934DB0DA85DA60035A1AA /* love.png */ = {isa = PBXFileReference; lastKnownFileType = image.png; path = love.png; sourceTree = "<group>"; };
		225934F20DA85DBE0035A1AA /* Info.plist */ = {isa = PBXFileReference; fileEncoding = 4; lastKnownFileType = text.plist.xml; name = Info.plist; path = ../Info.plist; sourceTree = "<group>"; };
		225ECD430DFF882600323F42 /* MediaPlayer.framework */ = {isa = PBXFileReference; lastKnownFileType = wrapper.framework; name = MediaPlayer.framework; path = System/Library/Frameworks/MediaPlayer.framework; sourceTree = SDKROOT; };
		227F6F420DB26F4900C11B22 /* ArtworkCell.h */ = {isa = PBXFileReference; fileEncoding = 4; lastKnownFileType = sourcecode.c.h; path = ArtworkCell.h; sourceTree = "<group>"; };
		227F6F430DB26F4900C11B22 /* ArtworkCell.m */ = {isa = PBXFileReference; fileEncoding = 4; lastKnownFileType = sourcecode.c.objc; path = ArtworkCell.m; sourceTree = "<group>"; };
		228185E90E19579F00545210 /* UIApplication+openURLWithWarning.h */ = {isa = PBXFileReference; fileEncoding = 4; lastKnownFileType = sourcecode.c.h; path = "UIApplication+openURLWithWarning.h"; sourceTree = "<group>"; };
		228185EA0E19579F00545210 /* UIApplication+openURLWithWarning.m */ = {isa = PBXFileReference; fileEncoding = 4; lastKnownFileType = sourcecode.c.objc; path = "UIApplication+openURLWithWarning.m"; sourceTree = "<group>"; };
		229130CD0E1C153F007F5E63 /* blueBackBtn.png */ = {isa = PBXFileReference; lastKnownFileType = image.png; path = blueBackBtn.png; sourceTree = "<group>"; };
		2291317E0E1C2441007F5E63 /* Default.png */ = {isa = PBXFileReference; lastKnownFileType = image.png; path = Default.png; sourceTree = "<group>"; };
		22ABB3010DAE68FB00D2871E /* ChartsViewController.h */ = {isa = PBXFileReference; fileEncoding = 4; lastKnownFileType = sourcecode.c.h; path = ChartsViewController.h; sourceTree = "<group>"; };
		22ABB3020DAE68FC00D2871E /* ChartsViewController.m */ = {isa = PBXFileReference; fileEncoding = 4; lastKnownFileType = sourcecode.c.objc; path = ChartsViewController.m; sourceTree = "<group>"; };
		22ABB41C0DB10C3100D2871E /* SearchViewController.h */ = {isa = PBXFileReference; fileEncoding = 4; lastKnownFileType = sourcecode.c.h; path = SearchViewController.h; sourceTree = "<group>"; };
		22ABB41D0DB10C3100D2871E /* SearchViewController.m */ = {isa = PBXFileReference; fileEncoding = 4; lastKnownFileType = sourcecode.c.objc; path = SearchViewController.m; sourceTree = "<group>"; };
		22ABB5590DB1585000D2871E /* UIViewController+NowPlayingButton.h */ = {isa = PBXFileReference; fileEncoding = 4; lastKnownFileType = sourcecode.c.h; path = "UIViewController+NowPlayingButton.h"; sourceTree = "<group>"; };
		22ABB55A0DB1585000D2871E /* UIViewController+NowPlayingButton.m */ = {isa = PBXFileReference; fileEncoding = 4; lastKnownFileType = sourcecode.c.objc; path = "UIViewController+NowPlayingButton.m"; sourceTree = "<group>"; };
		22BA0DDE0DC3731100DBE5BD /* stop.png */ = {isa = PBXFileReference; lastKnownFileType = image.png; path = stop.png; sourceTree = "<group>"; };
		22C54F730DEEF9A30087322B /* TagRadioViewController.h */ = {isa = PBXFileReference; fileEncoding = 4; lastKnownFileType = sourcecode.c.h; path = TagRadioViewController.h; sourceTree = "<group>"; };
		22C54F740DEEF9A30087322B /* TagRadioViewController.m */ = {isa = PBXFileReference; fileEncoding = 4; lastKnownFileType = sourcecode.c.objc; path = TagRadioViewController.m; sourceTree = "<group>"; };
		22CBDFAE0DCE0AA300AE5DE0 /* AddressBookUI.framework */ = {isa = PBXFileReference; lastKnownFileType = wrapper.framework; name = AddressBookUI.framework; path = System/Library/Frameworks/AddressBookUI.framework; sourceTree = SDKROOT; };
		22CBDFBD0DCE0BCE00AE5DE0 /* AddressBook.framework */ = {isa = PBXFileReference; lastKnownFileType = wrapper.framework; name = AddressBook.framework; path = System/Library/Frameworks/AddressBook.framework; sourceTree = SDKROOT; };
		22CBE1340DCE3C9B00AE5DE0 /* NSString+MD5.h */ = {isa = PBXFileReference; fileEncoding = 4; lastKnownFileType = sourcecode.c.h; path = "NSString+MD5.h"; sourceTree = "<group>"; };
		22CBE1350DCE3C9B00AE5DE0 /* NSString+MD5.m */ = {isa = PBXFileReference; fileEncoding = 4; lastKnownFileType = sourcecode.c.objc; path = "NSString+MD5.m"; sourceTree = "<group>"; };
		22CBE1B20DCE441200AE5DE0 /* CXMLDocument.h */ = {isa = PBXFileReference; fileEncoding = 4; lastKnownFileType = sourcecode.c.h; path = CXMLDocument.h; sourceTree = "<group>"; };
		22CBE1B30DCE441200AE5DE0 /* CXMLDocument.m */ = {isa = PBXFileReference; fileEncoding = 4; lastKnownFileType = sourcecode.c.objc; path = CXMLDocument.m; sourceTree = "<group>"; };
		22CBE1B40DCE441200AE5DE0 /* CXMLDocument_PrivateExtensions.h */ = {isa = PBXFileReference; fileEncoding = 4; lastKnownFileType = sourcecode.c.h; path = CXMLDocument_PrivateExtensions.h; sourceTree = "<group>"; };
		22CBE1B50DCE441200AE5DE0 /* CXMLDocument_PrivateExtensions.m */ = {isa = PBXFileReference; fileEncoding = 4; lastKnownFileType = sourcecode.c.objc; path = CXMLDocument_PrivateExtensions.m; sourceTree = "<group>"; };
		22CBE1B60DCE441200AE5DE0 /* CXMLElement.h */ = {isa = PBXFileReference; fileEncoding = 4; lastKnownFileType = sourcecode.c.h; path = CXMLElement.h; sourceTree = "<group>"; };
		22CBE1B70DCE441200AE5DE0 /* CXMLElement.m */ = {isa = PBXFileReference; fileEncoding = 4; lastKnownFileType = sourcecode.c.objc; path = CXMLElement.m; sourceTree = "<group>"; };
		22CBE1B80DCE441200AE5DE0 /* CXMLNode.h */ = {isa = PBXFileReference; fileEncoding = 4; lastKnownFileType = sourcecode.c.h; path = CXMLNode.h; sourceTree = "<group>"; };
		22CBE1B90DCE441200AE5DE0 /* CXMLNode.m */ = {isa = PBXFileReference; fileEncoding = 4; lastKnownFileType = sourcecode.c.objc; path = CXMLNode.m; sourceTree = "<group>"; };
		22CBE1BA0DCE441200AE5DE0 /* CXMLNode_PrivateExtensions.h */ = {isa = PBXFileReference; fileEncoding = 4; lastKnownFileType = sourcecode.c.h; path = CXMLNode_PrivateExtensions.h; sourceTree = "<group>"; };
		22CBE1BB0DCE441200AE5DE0 /* CXMLNode_PrivateExtensions.m */ = {isa = PBXFileReference; fileEncoding = 4; lastKnownFileType = sourcecode.c.objc; path = CXMLNode_PrivateExtensions.m; sourceTree = "<group>"; };
		22CBE1BC0DCE441200AE5DE0 /* CXMLNode_XPathExtensions.h */ = {isa = PBXFileReference; fileEncoding = 4; lastKnownFileType = sourcecode.c.h; path = CXMLNode_XPathExtensions.h; sourceTree = "<group>"; };
		22CBE1BD0DCE441200AE5DE0 /* CXMLNode_XPathExtensions.m */ = {isa = PBXFileReference; fileEncoding = 4; lastKnownFileType = sourcecode.c.objc; path = CXMLNode_XPathExtensions.m; sourceTree = "<group>"; };
		22EE86280E22587F00EBFF65 /* avatarplaceholder.png */ = {isa = PBXFileReference; lastKnownFileType = image.png; path = avatarplaceholder.png; sourceTree = "<group>"; };
		22F2FE040E31045A000DDCDC /* noartplaceholder.png */ = {isa = PBXFileReference; lastKnownFileType = image.png; path = noartplaceholder.png; sourceTree = "<group>"; };
		22F2FE060E31046D000DDCDC /* rounded_table_cell_bottom.png */ = {isa = PBXFileReference; lastKnownFileType = image.png; path = rounded_table_cell_bottom.png; sourceTree = "<group>"; };
		22F2FE070E31046D000DDCDC /* red_button.png */ = {isa = PBXFileReference; lastKnownFileType = image.png; path = red_button.png; sourceTree = "<group>"; };
		22F2FE080E31046D000DDCDC /* rounded_table_cell_top.png */ = {isa = PBXFileReference; lastKnownFileType = image.png; path = rounded_table_cell_top.png; sourceTree = "<group>"; };
		22F2FE090E31046D000DDCDC /* white_lfm_logo.png */ = {isa = PBXFileReference; lastKnownFileType = image.png; path = white_lfm_logo.png; sourceTree = "<group>"; };
		22F2FE0A0E31046D000DDCDC /* transparent_grey_button.png */ = {isa = PBXFileReference; lastKnownFileType = image.png; path = transparent_grey_button.png; sourceTree = "<group>"; };
		22F452FB0DD50EBD0060DF02 /* NSString+URLEscaped.h */ = {isa = PBXFileReference; fileEncoding = 4; lastKnownFileType = sourcecode.c.h; path = "NSString+URLEscaped.h"; sourceTree = "<group>"; };
		22F452FC0DD50EBD0060DF02 /* NSString+URLEscaped.m */ = {isa = PBXFileReference; fileEncoding = 4; lastKnownFileType = sourcecode.c.objc; path = "NSString+URLEscaped.m"; sourceTree = "<group>"; };
		29B97316FDCFA39411CA2CEA /* main.m */ = {isa = PBXFileReference; fileEncoding = 4; lastKnownFileType = sourcecode.c.objc; path = main.m; sourceTree = "<group>"; };
		32CA4F630368D1EE00C91783 /* MobileLastFM_Prefix.pch */ = {isa = PBXFileReference; fileEncoding = 4; lastKnownFileType = sourcecode.c.h; path = MobileLastFM_Prefix.pch; sourceTree = "<group>"; };
/* End PBXFileReference section */

/* Begin PBXFrameworksBuildPhase section */
		1D60588F0D05DD3D006BFB54 /* Frameworks */ = {
			isa = PBXFrameworksBuildPhase;
			buildActionMask = 2147483647;
			files = (
				1D60589F0D05DD5A006BFB54 /* Foundation.framework in Frameworks */,
				1DF5F4E00D08C38300B7A737 /* UIKit.framework in Frameworks */,
				1D3623EC0D0F72F000981E51 /* CoreGraphics.framework in Frameworks */,
				222340DB0D8DAB140040486A /* AudioToolbox.framework in Frameworks */,
				223DFE7D0DBFFAFF00510722 /* SystemConfiguration.framework in Frameworks */,
				22CBDFAF0DCE0AA300AE5DE0 /* AddressBookUI.framework in Frameworks */,
				22CBDFBE0DCE0BCE00AE5DE0 /* AddressBook.framework in Frameworks */,
				225ECD440DFF882600323F42 /* MediaPlayer.framework in Frameworks */,
			);
			runOnlyForDeploymentPostprocessing = 0;
		};
/* End PBXFrameworksBuildPhase section */

/* Begin PBXGroup section */
		080E96DDFE201D6D7F000001 /* Classes */ = {
			isa = PBXGroup;
			children = (
				227F6F420DB26F4900C11B22 /* ArtworkCell.h */,
				227F6F430DB26F4900C11B22 /* ArtworkCell.m */,
				22ABB3010DAE68FB00D2871E /* ChartsViewController.h */,
				22ABB3020DAE68FC00D2871E /* ChartsViewController.m */,
				223129310DFF21A500EC3BF0 /* FirstRunViewController.h */,
				223129320DFF21A500EC3BF0 /* FirstRunViewController.m */,
				2213D1B20D9F113100914A50 /* FriendsViewController.h */,
				2213D1B30D9F113100914A50 /* FriendsViewController.m */,
				2259349D0DA85CD30035A1AA /* LastFMRadio.h */,
				2259349C0DA85CD30035A1AA /* LastFMRadio.m */,
				2259349B0DA85CD30035A1AA /* LastFMService.h */,
				2259349A0DA85CD30035A1AA /* LastFMService.m */,
				1D3623240D0F684500981E51 /* MobileLastFMApplicationDelegate.h */,
				1D3623250D0F684500981E51 /* MobileLastFMApplicationDelegate.m */,
				22CBE1340DCE3C9B00AE5DE0 /* NSString+MD5.h */,
				22CBE1350DCE3C9B00AE5DE0 /* NSString+MD5.m */,
				22F452FB0DD50EBD0060DF02 /* NSString+URLEscaped.h */,
				22F452FC0DD50EBD0060DF02 /* NSString+URLEscaped.m */,
				222342880D8DE8FC0040486A /* PlaybackViewController.h */,
				222342890D8DE8FC0040486A /* PlaybackViewController.m */,
				2219DEC30E2CF70C009EE6E4 /* PlaylistsViewController.m */,
				2219DEC40E2CF70C009EE6E4 /* PlaylistsViewController.h */,
				22233F640D8D86410040486A /* ProfileViewController.h */,
				22233F650D8D86410040486A /* ProfileViewController.m */,
				221E6B020DC2BD300006E74C /* Scrobbler.h */,
				221E6B030DC2BD300006E74C /* Scrobbler.m */,
				22ABB41C0DB10C3100D2871E /* SearchViewController.h */,
				22ABB41D0DB10C3100D2871E /* SearchViewController.m */,
				22C54F730DEEF9A30087322B /* TagRadioViewController.h */,
				22C54F740DEEF9A30087322B /* TagRadioViewController.m */,
				228185E90E19579F00545210 /* UIApplication+openURLWithWarning.h */,
				228185EA0E19579F00545210 /* UIApplication+openURLWithWarning.m */,
				220CEBD10DCCB420007F888D /* UITableViewCell+ProgressIndicator.h */,
				220CEBD20DCCB420007F888D /* UITableViewCell+ProgressIndicator.m */,
				22ABB5590DB1585000D2871E /* UIViewController+NowPlayingButton.h */,
				22ABB55A0DB1585000D2871E /* UIViewController+NowPlayingButton.m */,
			);
			path = Classes;
			sourceTree = "<group>";
		};
		1058C7A0FEA54F0111CA2CBB /* Linked Frameworks */ = {
			isa = PBXGroup;
			children = (
				225ECD430DFF882600323F42 /* MediaPlayer.framework */,
				22CBDFBD0DCE0BCE00AE5DE0 /* AddressBook.framework */,
				22CBDFAE0DCE0AA300AE5DE0 /* AddressBookUI.framework */,
				223DFE7C0DBFFAFF00510722 /* SystemConfiguration.framework */,
				222340DA0D8DAB140040486A /* AudioToolbox.framework */,
				1D3623EB0D0F72F000981E51 /* CoreGraphics.framework */,
				1DF5F4DF0D08C38300B7A737 /* UIKit.framework */,
				1D30AB110D05D00D00671497 /* Foundation.framework */,
			);
			name = "Linked Frameworks";
			sourceTree = "<group>";
		};
		1058C7A2FEA54F0111CA2CBB /* Other Frameworks */ = {
			isa = PBXGroup;
			children = (
			);
			name = "Other Frameworks";
			sourceTree = "<group>";
		};
		19C28FACFE9D520D11CA2CBB /* Products */ = {
			isa = PBXGroup;
			children = (
				1D6058910D05DD3D006BFB54 /* Last.fm.app */,
			);
			name = Products;
			sourceTree = "<group>";
		};
		222340C50D8DA75D0040486A /* fmdb */ = {
			isa = PBXGroup;
			children = (
				222340C60D8DA75D0040486A /* FMDatabase.h */,
				222340C70D8DA75D0040486A /* FMDatabase.m */,
				222340C80D8DA75D0040486A /* FMDatabaseAdditions.h */,
				222340C90D8DA75D0040486A /* FMDatabaseAdditions.m */,
				222340CA0D8DA75D0040486A /* FMResultSet.h */,
				222340CB0D8DA75D0040486A /* FMResultSet.m */,
			);
			path = fmdb;
			sourceTree = "<group>";
		};
		225158950E09BD8B00943078 /* barItems */ = {
			isa = PBXGroup;
			children = (
				22117F9F0E1565730093BFED /* events.png */,
				22117FA00E1565730093BFED /* fans.png */,
				22117FA10E1565730093BFED /* bio.png */,
				22117FA20E1565730093BFED /* tags.png */,
				22117FA30E1565730093BFED /* nowplaying.png */,
				22117FA40E1565730093BFED /* similar_artists.png */,
				22117FA50E1565730093BFED /* more.png */,
			);
			path = barItems;
			sourceTree = "<group>";
		};
		225934CA0DA85D8E0035A1AA /* Resources */ = {
			isa = PBXGroup;
			children = (
				22EE86280E22587F00EBFF65 /* avatarplaceholder.png */,
				225157970E09A67B00943078 /* backBtn.png */,
				225934DA0DA85DA60035A1AA /* ban.png */,
				225158950E09BD8B00943078 /* barItems */,
				229130CD0E1C153F007F5E63 /* blueBackBtn.png */,
				22362B9A0E13E4600034F91A /* btn.png */,
				221185DB0E1676620093BFED /* date.png */,
				2291317E0E1C2441007F5E63 /* Default.png */,
				225934CD0DA85DA60035A1AA /* English.lproj */,
				225934CC0DA85DA60035A1AA /* icon.png */,
				225934F20DA85DBE0035A1AA /* Info.plist */,
				225934DB0DA85DA60035A1AA /* love.png */,
				22F2FE040E31045A000DDCDC /* noartplaceholder.png */,
				22117E3D0E153AC50093BFED /* now_playing_header.png */,
				22117E3F0E153AC50093BFED /* now_playing_list.png */,
				22F2FE070E31046D000DDCDC /* red_button.png */,
				22F2FE060E31046D000DDCDC /* rounded_table_cell_bottom.png */,
				22F2FE080E31046D000DDCDC /* rounded_table_cell_top.png */,
				225934D50DA85DA60035A1AA /* Settings.bundle */,
				225934D70DA85DA60035A1AA /* skip.png */,
				22BA0DDE0DC3731100DBE5BD /* stop.png */,
				22117E3E0E153AC50093BFED /* streaming.png */,
				22F2FE0A0E31046D000DDCDC /* transparent_grey_button.png */,
				223E7A830E0C21D300AD02B3 /* volume.png */,
				22F2FE090E31046D000DDCDC /* white_lfm_logo.png */,
			);
			path = Resources;
			sourceTree = "<group>";
		};
		22CBE1B10DCE441200AE5DE0 /* TouchXML */ = {
			isa = PBXGroup;
			children = (
				22CBE1B20DCE441200AE5DE0 /* CXMLDocument.h */,
				22CBE1B30DCE441200AE5DE0 /* CXMLDocument.m */,
				22CBE1B40DCE441200AE5DE0 /* CXMLDocument_PrivateExtensions.h */,
				22CBE1B50DCE441200AE5DE0 /* CXMLDocument_PrivateExtensions.m */,
				22CBE1B60DCE441200AE5DE0 /* CXMLElement.h */,
				22CBE1B70DCE441200AE5DE0 /* CXMLElement.m */,
				22CBE1B80DCE441200AE5DE0 /* CXMLNode.h */,
				22CBE1B90DCE441200AE5DE0 /* CXMLNode.m */,
				22CBE1BA0DCE441200AE5DE0 /* CXMLNode_PrivateExtensions.h */,
				22CBE1BB0DCE441200AE5DE0 /* CXMLNode_PrivateExtensions.m */,
				22CBE1BC0DCE441200AE5DE0 /* CXMLNode_XPathExtensions.h */,
				22CBE1BD0DCE441200AE5DE0 /* CXMLNode_XPathExtensions.m */,
			);
			path = TouchXML;
			sourceTree = "<group>";
		};
		29B97314FDCFA39411CA2CEA /* CustomTemplate */ = {
			isa = PBXGroup;
			children = (
				223128F60DFF1ECB00EC3BF0 /* MainWindow.xib */,
				22117E860E1544F50093BFED /* SearchView.xib */,
				22117E880E1545050093BFED /* PlaybackView.xib */,
				22117E8A0E1545110093BFED /* FirstRunView.xib */,
				221185DD0E167A090093BFED /* EventDetailsView.xib */,
				080E96DDFE201D6D7F000001 /* Classes */,
				29B97315FDCFA39411CA2CEA /* Other Sources */,
				225934CA0DA85D8E0035A1AA /* Resources */,
				29B97323FDCFA39411CA2CEA /* Frameworks */,
				19C28FACFE9D520D11CA2CBB /* Products */,
			);
			name = CustomTemplate;
			sourceTree = "<group>";
		};
		29B97315FDCFA39411CA2CEA /* Other Sources */ = {
			isa = PBXGroup;
			children = (
				22CBE1B10DCE441200AE5DE0 /* TouchXML */,
				222340C50D8DA75D0040486A /* fmdb */,
				22233F920D8D929B0040486A /* version.h */,
				32CA4F630368D1EE00C91783 /* MobileLastFM_Prefix.pch */,
				29B97316FDCFA39411CA2CEA /* main.m */,
			);
			name = "Other Sources";
			sourceTree = "<group>";
		};
		29B97323FDCFA39411CA2CEA /* Frameworks */ = {
			isa = PBXGroup;
			children = (
				1058C7A0FEA54F0111CA2CBB /* Linked Frameworks */,
				1058C7A2FEA54F0111CA2CBB /* Other Frameworks */,
			);
			name = Frameworks;
			sourceTree = "<group>";
		};
/* End PBXGroup section */

/* Begin PBXNativeTarget section */
		1D6058900D05DD3D006BFB54 /* MobileLastFM */ = {
			isa = PBXNativeTarget;
			buildConfigurationList = 1D6058960D05DD3E006BFB54 /* Build configuration list for PBXNativeTarget "MobileLastFM" */;
			buildPhases = (
				1D60588D0D05DD3D006BFB54 /* Resources */,
				1D60588E0D05DD3D006BFB54 /* Sources */,
				1D60588F0D05DD3D006BFB54 /* Frameworks */,
				22A8638F0DA5AEA0009EB12C /* CopyFiles */,
			);
			buildRules = (
			);
			dependencies = (
			);
			name = MobileLastFM;
			productName = MobileLastFM;
			productReference = 1D6058910D05DD3D006BFB54 /* Last.fm.app */;
			productType = "com.apple.product-type.application";
		};
/* End PBXNativeTarget section */

/* Begin PBXProject section */
		29B97313FDCFA39411CA2CEA /* Project object */ = {
			isa = PBXProject;
			buildConfigurationList = C01FCF4E08A954540054247B /* Build configuration list for PBXProject "MobileLastFM" */;
			compatibilityVersion = "Xcode 3.1";
			hasScannedForEncodings = 1;
			mainGroup = 29B97314FDCFA39411CA2CEA /* CustomTemplate */;
			projectDirPath = "";
			projectRoot = "";
			targets = (
				1D6058900D05DD3D006BFB54 /* MobileLastFM */,
			);
		};
/* End PBXProject section */

/* Begin PBXResourcesBuildPhase section */
		1D60588D0D05DD3D006BFB54 /* Resources */ = {
			isa = PBXResourcesBuildPhase;
			buildActionMask = 2147483647;
			files = (
				225934DE0DA85DA60035A1AA /* icon.png in Resources */,
				225934DF0DA85DA60035A1AA /* English.lproj in Resources */,
				225934E50DA85DA60035A1AA /* Settings.bundle in Resources */,
				225934E70DA85DA60035A1AA /* skip.png in Resources */,
				225934EA0DA85DA60035A1AA /* ban.png in Resources */,
				225934EB0DA85DA60035A1AA /* love.png in Resources */,
				22BA0DDF0DC3731100DBE5BD /* stop.png in Resources */,
				223128F70DFF1ECB00EC3BF0 /* MainWindow.xib in Resources */,
				225157980E09A67B00943078 /* backBtn.png in Resources */,
				223E7A840E0C21D300AD02B3 /* volume.png in Resources */,
				22362B9B0E13E4600034F91A /* btn.png in Resources */,
				22117E400E153AC50093BFED /* now_playing_header.png in Resources */,
				22117E410E153AC50093BFED /* streaming.png in Resources */,
				22117E420E153AC50093BFED /* now_playing_list.png in Resources */,
				22117E870E1544F50093BFED /* SearchView.xib in Resources */,
				22117E890E1545050093BFED /* PlaybackView.xib in Resources */,
				22117E8B0E1545110093BFED /* FirstRunView.xib in Resources */,
				22117FA60E1565730093BFED /* events.png in Resources */,
				22117FA70E1565730093BFED /* fans.png in Resources */,
				22117FA80E1565730093BFED /* bio.png in Resources */,
				22117FA90E1565730093BFED /* tags.png in Resources */,
				22117FAA0E1565730093BFED /* nowplaying.png in Resources */,
				22117FAB0E1565730093BFED /* similar_artists.png in Resources */,
				22117FAC0E1565730093BFED /* more.png in Resources */,
				221185DC0E1676620093BFED /* date.png in Resources */,
				221185DE0E167A090093BFED /* EventDetailsView.xib in Resources */,
				229130CE0E1C153F007F5E63 /* blueBackBtn.png in Resources */,
				2291317F0E1C2441007F5E63 /* Default.png in Resources */,
				22EE86290E22587F00EBFF65 /* avatarplaceholder.png in Resources */,
				22F2FE050E31045B000DDCDC /* noartplaceholder.png in Resources */,
				22F2FE0B0E31046D000DDCDC /* rounded_table_cell_bottom.png in Resources */,
				22F2FE0C0E31046D000DDCDC /* red_button.png in Resources */,
				22F2FE0D0E31046D000DDCDC /* rounded_table_cell_top.png in Resources */,
				22F2FE0E0E31046D000DDCDC /* white_lfm_logo.png in Resources */,
				22F2FE0F0E31046D000DDCDC /* transparent_grey_button.png in Resources */,
			);
			runOnlyForDeploymentPostprocessing = 0;
		};
/* End PBXResourcesBuildPhase section */

/* Begin PBXSourcesBuildPhase section */
		1D60588E0D05DD3D006BFB54 /* Sources */ = {
			isa = PBXSourcesBuildPhase;
			buildActionMask = 2147483647;
			files = (
				1D60589B0D05DD56006BFB54 /* main.m in Sources */,
				1D3623260D0F684500981E51 /* MobileLastFMApplicationDelegate.m in Sources */,
				22233F660D8D86410040486A /* ProfileViewController.m in Sources */,
				222340CC0D8DA75D0040486A /* FMDatabase.m in Sources */,
				222340CD0D8DA75D0040486A /* FMDatabaseAdditions.m in Sources */,
				222340CE0D8DA75D0040486A /* FMResultSet.m in Sources */,
				2223428A0D8DE8FC0040486A /* PlaybackViewController.m in Sources */,
				2213D1B40D9F113100914A50 /* FriendsViewController.m in Sources */,
				2259349E0DA85CD30035A1AA /* LastFMService.m in Sources */,
				2259349F0DA85CD30035A1AA /* LastFMRadio.m in Sources */,
				22ABB3030DAE68FC00D2871E /* ChartsViewController.m in Sources */,
				22ABB41E0DB10C3100D2871E /* SearchViewController.m in Sources */,
				22ABB55B0DB1585000D2871E /* UIViewController+NowPlayingButton.m in Sources */,
				227F6F440DB26F4900C11B22 /* ArtworkCell.m in Sources */,
				221E6B040DC2BD300006E74C /* Scrobbler.m in Sources */,
				220CEBD30DCCB420007F888D /* UITableViewCell+ProgressIndicator.m in Sources */,
				22CBE1360DCE3C9B00AE5DE0 /* NSString+MD5.m in Sources */,
				22CBE1BE0DCE441200AE5DE0 /* CXMLDocument.m in Sources */,
				22CBE1BF0DCE441200AE5DE0 /* CXMLDocument_PrivateExtensions.m in Sources */,
				22CBE1C00DCE441200AE5DE0 /* CXMLElement.m in Sources */,
				22CBE1C10DCE441200AE5DE0 /* CXMLNode.m in Sources */,
				22CBE1C20DCE441200AE5DE0 /* CXMLNode_PrivateExtensions.m in Sources */,
				22CBE1C30DCE441200AE5DE0 /* CXMLNode_XPathExtensions.m in Sources */,
				22F452FD0DD50EBD0060DF02 /* NSString+URLEscaped.m in Sources */,
				22C54F750DEEF9A30087322B /* TagRadioViewController.m in Sources */,
				223129330DFF21A500EC3BF0 /* FirstRunViewController.m in Sources */,
				228185EB0E19579F00545210 /* UIApplication+openURLWithWarning.m in Sources */,
				2219DEC50E2CF70C009EE6E4 /* PlaylistsViewController.m in Sources */,
			);
			runOnlyForDeploymentPostprocessing = 0;
		};
/* End PBXSourcesBuildPhase section */

/* Begin XCBuildConfiguration section */
		1D6058940D05DD3E006BFB54 /* Debug */ = {
			isa = XCBuildConfiguration;
			buildSettings = {
				COPY_PHASE_STRIP = NO;
				DEBUG_INFORMATION_FORMAT = "dwarf-with-dsym";
				GCC_DYNAMIC_NO_PIC = NO;
				GCC_ENABLE_FIX_AND_CONTINUE = NO;
				GCC_OPTIMIZATION_LEVEL = 0;
				GCC_PRECOMPILE_PREFIX_HEADER = YES;
				GCC_PREFIX_HEADER = MobileLastFM_Prefix.pch;
				INFOPLIST_FILE = Info.plist;
				PREBINDING = NO;
				PRODUCT_NAME = Last.fm;
			};
			name = Debug;
		};
		1D6058950D05DD3E006BFB54 /* Release */ = {
			isa = XCBuildConfiguration;
			buildSettings = {
				COPY_PHASE_STRIP = YES;
				DEBUG_INFORMATION_FORMAT = "dwarf-with-dsym";
				FRAMEWORK_SEARCH_PATHS = (
					"$(inherited)",
					"\"$(SDKROOT)$(SYSTEM_LIBRARY_DIR)/PrivateFrameworks\"",
				);
				GCC_ENABLE_FIX_AND_CONTINUE = NO;
				GCC_PRECOMPILE_PREFIX_HEADER = YES;
				GCC_PREFIX_HEADER = MobileLastFM_Prefix.pch;
				INFOPLIST_FILE = Info.plist;
				PREBINDING = NO;
				PRODUCT_NAME = Last.fm;
				WRAPPER_EXTENSION = app;
			};
			name = Release;
		};
		223AB58C0E2000EC002E06F2 /* Distribution */ = {
			isa = XCBuildConfiguration;
			buildSettings = {
				ARCHS = "$(NATIVE_ARCH)";
				CODE_SIGN_IDENTITY = "";
				"CODE_SIGN_IDENTITY[sdk=iphoneos*]" = "iPhone Distribution";
				FRAMEWORK_SEARCH_PATHS = /Developer/Platforms/iPhoneOS.platform/Developer/SDKs/iPhoneOS2.0.sdk/System/library/PrivateFrameworks;
				GCC_PREPROCESSOR_DEFINITIONS = (
				);
				GCC_VERSION = 4.0;
				HEADER_SEARCH_PATHS = (
					TouchXML,
					/usr/include/libxml2,
				);
				IBC_NOTICES = NO;
				IBC_WARNINGS = NO;
				INFOPLIST_FILE = Info.plist;
				INFOPLIST_PREPROCESS = YES;
				OTHER_LDFLAGS = (
					"-lxml2",
					"-lsqlite3",
				);
				PREBINDING = NO;
				PROVISIONING_PROFILE = "F800CAEB-E3DA-4EE6-8AF0-1A04002F1F72";
				SDKROOT = iphoneos2.0;
				VALID_ARCHS = "armv6 i386 ppc";
			};
			name = Distribution;
		};
		223AB58D0E2000EC002E06F2 /* Distribution */ = {
			isa = XCBuildConfiguration;
			buildSettings = {
				COPY_PHASE_STRIP = YES;
				DEBUG_INFORMATION_FORMAT = "dwarf-with-dsym";
				FRAMEWORK_SEARCH_PATHS = (
					"$(inherited)",
					"\"$(SDKROOT)$(SYSTEM_LIBRARY_DIR)/PrivateFrameworks\"",
				);
				GCC_ENABLE_FIX_AND_CONTINUE = NO;
				GCC_PRECOMPILE_PREFIX_HEADER = YES;
				GCC_PREFIX_HEADER = MobileLastFM_Prefix.pch;
				INFOPLIST_FILE = Info.plist;
				PREBINDING = NO;
				PRODUCT_NAME = Last.fm;
				WRAPPER_EXTENSION = app;
			};
			name = Distribution;
		};
		C01FCF4F08A954540054247B /* Debug */ = {
			isa = XCBuildConfiguration;
			buildSettings = {
				ALWAYS_SEARCH_USER_PATHS = NO;
				ARCHS = "$(NATIVE_ARCH)";
				"CODE_SIGN_IDENTITY[sdk=iphoneos*]" = "iPhone Developer";
				GCC_C_LANGUAGE_STANDARD = c99;
				GCC_PREPROCESSOR_DEFINITIONS = (
				);
				GCC_VERSION = 4.0;
				GCC_WARN_ABOUT_RETURN_TYPE = YES;
				GCC_WARN_UNUSED_VARIABLE = YES;
				HEADER_SEARCH_PATHS = (
					TouchXML,
					/usr/include/libxml2,
				);
				INFOPLIST_FILE = Info.plist;
				INFOPLIST_PREPROCESS = YES;
				ONLY_ACTIVE_ARCH = YES;
				OTHER_LDFLAGS = (
					"-lxml2",
					"-lsqlite3",
				);
				PREBINDING = NO;
				PROVISIONING_PROFILE = DefaultProfileUuid;
				SDKROOT = iphoneos2.0;
				VALID_ARCHS = "armv6 i386 ppc";
			};
			name = Debug;
		};
		C01FCF5008A954540054247B /* Release */ = {
			isa = XCBuildConfiguration;
			buildSettings = {
				ARCHS = "$(NATIVE_ARCH)";
				CODE_SIGN_IDENTITY = "";
				"CODE_SIGN_IDENTITY[sdk=iphoneos*]" = "iPhone Developer";
				FRAMEWORK_SEARCH_PATHS = /Developer/Platforms/iPhoneOS.platform/Developer/SDKs/iPhoneOS2.0.sdk/System/library/PrivateFrameworks;
				GCC_PREPROCESSOR_DEFINITIONS = (
				);
				GCC_VERSION = 4.0;
				HEADER_SEARCH_PATHS = (
					TouchXML,
					/usr/include/libxml2,
				);
				IBC_NOTICES = NO;
				IBC_WARNINGS = NO;
				INFOPLIST_FILE = Info.plist;
				INFOPLIST_PREPROCESS = YES;
				OTHER_LDFLAGS = (
					"-lxml2",
					"-lsqlite3",
				);
				PREBINDING = NO;
				PROVISIONING_PROFILE = DefaultProfileUuid;
				SDKROOT = iphoneos2.0;
				VALID_ARCHS = "armv6 i386 ppc";
			};
			name = Release;
		};
/* End XCBuildConfiguration section */

/* Begin XCConfigurationList section */
		1D6058960D05DD3E006BFB54 /* Build configuration list for PBXNativeTarget "MobileLastFM" */ = {
			isa = XCConfigurationList;
			buildConfigurations = (
				1D6058940D05DD3E006BFB54 /* Debug */,
				1D6058950D05DD3E006BFB54 /* Release */,
				223AB58D0E2000EC002E06F2 /* Distribution */,
			);
			defaultConfigurationIsVisible = 0;
			defaultConfigurationName = Release;
		};
		C01FCF4E08A954540054247B /* Build configuration list for PBXProject "MobileLastFM" */ = {
			isa = XCConfigurationList;
			buildConfigurations = (
				C01FCF4F08A954540054247B /* Debug */,
				C01FCF5008A954540054247B /* Release */,
				223AB58C0E2000EC002E06F2 /* Distribution */,
			);
			defaultConfigurationIsVisible = 0;
			defaultConfigurationName = Release;
		};
/* End XCConfigurationList section */
	};
	rootObject = 29B97313FDCFA39411CA2CEA /* Project object */;
}
